{
  "name": "docker-example",
  "version": "1.0.0",
  "lockfileVersion": 2,
  "requires": true,
  "packages": {
    "": {
      "name": "docker-example",
      "version": "1.0.0",
      "license": "ISC",
      "dependencies": {
        "@fridgerator/pynode": "^0.5.2",
        "findlibpython": "^1.0.0"
      }
    },
    "node_modules/@fridgerator/pynode": {
      "version": "0.5.2",
      "resolved": "https://registry.npmjs.org/@fridgerator/pynode/-/pynode-0.5.2.tgz",
      "integrity": "sha512-4YjcmBRUDHxcbB+DlKHnV1NGnO8PWyQzC1Y5SoK5RGnzf8SMn+PyT33b5ptuDO2CcqiBK/POabEX7d8P0p8Efw==",
      "hasInstallScript": true,
      "dependencies": {
        "node-addon-api": "^1.7.1"
      },
      "engines": {
        "node": ">=10"
      }
    },
    "node_modules/findlibpython": {
      "version": "1.0.0",
      "resolved": "https://registry.npmjs.org/findlibpython/-/findlibpython-1.0.0.tgz",
      "integrity": "sha512-NQR+R1tMGk/QDLyxtMAUw8Ev3JeM5eLfsFpF7vG3apUd7I39KUpGBDbxckBVYHid/HHczVTZFRY4h9RCpwo/dw=="
    },
    "node_modules/node-addon-api": {
      "version": "1.7.2",
      "resolved": "https://registry.npmjs.org/node-addon-api/-/node-addon-api-1.7.2.tgz",
      "integrity": "sha512-ibPK3iA+vaY1eEjESkQkM0BbCqFOaZMiXRTtdB0u7b4djtY6JnsjvPdUHVMg6xQt3B8fpTTWHI9A+ADjM9frzg=="
    }
  },
  "dependencies": {
    "@fridgerator/pynode": {
      "version": "0.5.2",
      "resolved": "https://registry.npmjs.org/@fridgerator/pynode/-/pynode-0.5.2.tgz",
      "integrity": "sha512-4YjcmBRUDHxcbB+DlKHnV1NGnO8PWyQzC1Y5SoK5RGnzf8SMn+PyT33b5ptuDO2CcqiBK/POabEX7d8P0p8Efw==",
      "requires": {
        "node-addon-api": "^1.7.1"
      }
    },
    "findlibpython": {
      "version": "1.0.0",
      "resolved": "https://registry.npmjs.org/findlibpython/-/findlibpython-1.0.0.tgz",
      "integrity": "sha512-NQR+R1tMGk/QDLyxtMAUw8Ev3JeM5eLfsFpF7vG3apUd7I39KUpGBDbxckBVYHid/HHczVTZFRY4h9RCpwo/dw=="
    },
    "node-addon-api": {
      "version": "1.7.2",
      "resolved": "https://registry.npmjs.org/node-addon-api/-/node-addon-api-1.7.2.tgz",
      "integrity": "sha512-ibPK3iA+vaY1eEjESkQkM0BbCqFOaZMiXRTtdB0u7b4djtY6JnsjvPdUHVMg6xQt3B8fpTTWHI9A+ADjM9frzg=="
    }
  }
}
